
Microsoft Visual Studio Solution File, Format Version 12.00
# Visual Studio Version 16
VisualStudioVersion = 16.0.30611.23
MinimumVisualStudioVersion = 10.0.40219.1
Project("{9A19103F-16F7-4668-BE54-9A1E7A4F7556}") = "CompanyProducts", "CompanyProducts\CompanyProducts.csproj", "{B876C20F-AF1D-4C4D-AC0D-97E22EFC414E}"
EndProject
Project("{9A19103F-16F7-4668-BE54-9A1E7A4F7556}") = "Customers", "Customers\Customers.csproj", "{7A3DA0F0-FCD2-438C-843D-F3CF6BAE30BC}"
EndProject
Project("{9A19103F-16F7-4668-BE54-9A1E7A4F7556}") = "Basket", "Basket\Basket.csproj", "{A85B39BA-4644-47CE-8365-570DAA177334}"
EndProject
Project("{9A19103F-16F7-4668-BE54-9A1E7A4F7556}") = "BasketTest", "BasketTest\BasketTest.csproj", "{38A63F12-E81A-4565-B3AA-0B904580A1C1}"
EndProject
Project("{9A19103F-16F7-4668-BE54-9A1E7A4F7556}") = "Models", "Models\Models.csproj", "{B8C48D79-9150-45F1-BDAA-CCEC2F195A34}"
EndProject
Project("{9A19103F-16F7-4668-BE54-9A1E7A4F7556}") = "FrontEnd", "FrontEnd\FrontEnd.csproj", "{AA5CA822-24D1-42A6-8FB8-A9A00A227331}"
EndProject
Project("{FAE04EC0-301F-11D3-BF4B-00C04F79EFBC}") = "AngularUI", "AngularUI\AngularUI.csproj", "{7A0EB290-B3F4-400A-B01D-7A16360684F1}"
EndProject
Project("{FAE04EC0-301F-11D3-BF4B-00C04F79EFBC}") = "GreatUI", "GreatUI\GreatUI.csproj", "{B99BE9BC-C1E4-48E0-8F5D-8D0FA2B2C2DA}"
EndProject
Project("{FAE04EC0-301F-11D3-BF4B-00C04F79EFBC}") = "ReactUI", "ReactUI\ReactUI.csproj", "{493AEB3D-8C3D-4842-84FC-04697657E9FB}"
EndProject
Global
	GlobalSection(SolutionConfigurationPlatforms) = preSolution
		Debug|Any CPU = Debug|Any CPU
		Release|Any CPU = Release|Any CPU
	EndGlobalSection
	GlobalSection(ProjectConfigurationPlatforms) = postSolution
		{B876C20F-AF1D-4C4D-AC0D-97E22EFC414E}.Debug|Any CPU.ActiveCfg = Debug|Any CPU
		{B876C20F-AF1D-4C4D-AC0D-97E22EFC414E}.Debug|Any CPU.Build.0 = Debug|Any CPU
		{B876C20F-AF1D-4C4D-AC0D-97E22EFC414E}.Release|Any CPU.ActiveCfg = Release|Any CPU
		{B876C20F-AF1D-4C4D-AC0D-97E22EFC414E}.Release|Any CPU.Build.0 = Release|Any CPU
		{7A3DA0F0-FCD2-438C-843D-F3CF6BAE30BC}.Debug|Any CPU.ActiveCfg = Debug|Any CPU
		{7A3DA0F0-FCD2-438C-843D-F3CF6BAE30BC}.Debug|Any CPU.Build.0 = Debug|Any CPU
		{7A3DA0F0-FCD2-438C-843D-F3CF6BAE30BC}.Release|Any CPU.ActiveCfg = Release|Any CPU
		{7A3DA0F0-FCD2-438C-843D-F3CF6BAE30BC}.Release|Any CPU.Build.0 = Release|Any CPU
		{A85B39BA-4644-47CE-8365-570DAA177334}.Debug|Any CPU.ActiveCfg = Debug|Any CPU
		{A85B39BA-4644-47CE-8365-570DAA177334}.Debug|Any CPU.Build.0 = Debug|Any CPU
		{A85B39BA-4644-47CE-8365-570DAA177334}.Release|Any CPU.ActiveCfg = Release|Any CPU
		{A85B39BA-4644-47CE-8365-570DAA177334}.Release|Any CPU.Build.0 = Release|Any CPU
		{38A63F12-E81A-4565-B3AA-0B904580A1C1}.Debug|Any CPU.ActiveCfg = Debug|Any CPU
		{38A63F12-E81A-4565-B3AA-0B904580A1C1}.Debug|Any CPU.Build.0 = Debug|Any CPU
		{38A63F12-E81A-4565-B3AA-0B904580A1C1}.Release|Any CPU.ActiveCfg = Release|Any CPU
		{38A63F12-E81A-4565-B3AA-0B904580A1C1}.Release|Any CPU.Build.0 = Release|Any CPU
		{B8C48D79-9150-45F1-BDAA-CCEC2F195A34}.Debug|Any CPU.ActiveCfg = Debug|Any CPU
		{B8C48D79-9150-45F1-BDAA-CCEC2F195A34}.Debug|Any CPU.Build.0 = Debug|Any CPU
		{B8C48D79-9150-45F1-BDAA-CCEC2F195A34}.Release|Any CPU.ActiveCfg = Release|Any CPU
		{B8C48D79-9150-45F1-BDAA-CCEC2F195A34}.Release|Any CPU.Build.0 = Release|Any CPU
		{AA5CA822-24D1-42A6-8FB8-A9A00A227331}.Debug|Any CPU.ActiveCfg = Debug|Any CPU
		{AA5CA822-24D1-42A6-8FB8-A9A00A227331}.Debug|Any CPU.Build.0 = Debug|Any CPU
		{AA5CA822-24D1-42A6-8FB8-A9A00A227331}.Release|Any CPU.ActiveCfg = Release|Any CPU
		{AA5CA822-24D1-42A6-8FB8-A9A00A227331}.Release|Any CPU.Build.0 = Release|Any CPU
		{7A0EB290-B3F4-400A-B01D-7A16360684F1}.Debug|Any CPU.ActiveCfg = Debug|Any CPU
		{7A0EB290-B3F4-400A-B01D-7A16360684F1}.Debug|Any CPU.Build.0 = Debug|Any CPU
		{7A0EB290-B3F4-400A-B01D-7A16360684F1}.Release|Any CPU.ActiveCfg = Release|Any CPU
		{7A0EB290-B3F4-400A-B01D-7A16360684F1}.Release|Any CPU.Build.0 = Release|Any CPU
		{B99BE9BC-C1E4-48E0-8F5D-8D0FA2B2C2DA}.Debug|Any CPU.ActiveCfg = Debug|Any CPU
		{B99BE9BC-C1E4-48E0-8F5D-8D0FA2B2C2DA}.Debug|Any CPU.Build.0 = Debug|Any CPU
		{B99BE9BC-C1E4-48E0-8F5D-8D0FA2B2C2DA}.Release|Any CPU.ActiveCfg = Release|Any CPU
		{B99BE9BC-C1E4-48E0-8F5D-8D0FA2B2C2DA}.Release|Any CPU.Build.0 = Release|Any CPU
		{493AEB3D-8C3D-4842-84FC-04697657E9FB}.Debug|Any CPU.ActiveCfg = Debug|Any CPU
		{493AEB3D-8C3D-4842-84FC-04697657E9FB}.Debug|Any CPU.Build.0 = Debug|Any CPU
		{493AEB3D-8C3D-4842-84FC-04697657E9FB}.Release|Any CPU.ActiveCfg = Release|Any CPU
		{493AEB3D-8C3D-4842-84FC-04697657E9FB}.Release|Any CPU.Build.0 = Release|Any CPU
	EndGlobalSection
	GlobalSection(SolutionProperties) = preSolution
		HideSolutionNode = FALSE
	EndGlobalSection
	GlobalSection(ExtensibilityGlobals) = postSolution
		SolutionGuid = {41B7E121-F1F8-41B9-AC7B-E739349D8AB5}
	EndGlobalSection
EndGlobal
